// !$*UTF8*$!
{
	archiveVersion = 1;
	classes = {
	};
	objectVersion = 46;
	objects = {

/* Begin PBXBuildFile section */
		3D0BED2F1C448FC900C1ED41 /* NBWComposeViewController.swift in Sources */ = {isa = PBXBuildFile; fileRef = 3D0BED2D1C448FC900C1ED41 /* NBWComposeViewController.swift */; };
		3D1146901C8FF2AD008479D2 /* NBWCompseBasicFuntion.swift in Sources */ = {isa = PBXBuildFile; fileRef = 3D11468F1C8FF2AD008479D2 /* NBWCompseBasicFuntion.swift */; };
		3D1ED7AC1C88929F00009CB3 /* NBWCommentTableViewController.swift in Sources */ = {isa = PBXBuildFile; fileRef = 3D1ED7AB1C88929F00009CB3 /* NBWCommentTableViewController.swift */; };
		3D1ED7AF1C89211C00009CB3 /* Comment+CoreDataProperties.swift in Sources */ = {isa = PBXBuildFile; fileRef = 3D1ED7AD1C89211C00009CB3 /* Comment+CoreDataProperties.swift */; };
		3D1ED7B01C89211C00009CB3 /* Comment.swift in Sources */ = {isa = PBXBuildFile; fileRef = 3D1ED7AE1C89211C00009CB3 /* Comment.swift */; };
		3D1ED7B21C8962AC00009CB3 /* NBWFilterCommentTableViewController.swift in Sources */ = {isa = PBXBuildFile; fileRef = 3D1ED7B11C8962AC00009CB3 /* NBWFilterCommentTableViewController.swift */; };
		3D2C51021C852CB500E19000 /* NBWMessageTableViewController.swift in Sources */ = {isa = PBXBuildFile; fileRef = 3D2C51011C852CB500E19000 /* NBWMessageTableViewController.swift */; };
		3D2C51041C85301500E19000 /* NBWOfficialTableViewCell.swift in Sources */ = {isa = PBXBuildFile; fileRef = 3D2C51031C85301500E19000 /* NBWOfficialTableViewCell.swift */; };
		3D2C51071C85305C00E19000 /* NBWFollowerTableViewCell.swift in Sources */ = {isa = PBXBuildFile; fileRef = 3D2C51061C85305C00E19000 /* NBWFollowerTableViewCell.swift */; };
		3D2C510A1C8578FA00E19000 /* NBWMentionTableViewController.swift in Sources */ = {isa = PBXBuildFile; fileRef = 3D2C51091C8578FA00E19000 /* NBWMentionTableViewController.swift */; };
		3D2C51111C858A9F00E19000 /* NBWCoreDataFunctions.swift in Sources */ = {isa = PBXBuildFile; fileRef = 3D2C51101C858A9F00E19000 /* NBWCoreDataFunctions.swift */; };
		3D2D053D1C643F2C001F1320 /* NBWRepostTableViewCell.swift in Sources */ = {isa = PBXBuildFile; fileRef = 3D2D053B1C643F2C001F1320 /* NBWRepostTableViewCell.swift */; };
		3D2D053E1C643F2C001F1320 /* NBWRepostTableViewCell.xib in Resources */ = {isa = PBXBuildFile; fileRef = 3D2D053C1C643F2C001F1320 /* NBWRepostTableViewCell.xib */; };
		3D467BF81C571B47007A1797 /* NBWeiboContextBasicViewController.swift in Sources */ = {isa = PBXBuildFile; fileRef = 3D467BF71C571B47007A1797 /* NBWeiboContextBasicViewController.swift */; };
		3D499CC01C897CDB00224F71 /* NBWBasicTableViewCellFunctions.swift in Sources */ = {isa = PBXBuildFile; fileRef = 3D499CBF1C897CDB00224F71 /* NBWBasicTableViewCellFunctions.swift */; };
		3D5D43371C4E777300DA8834 /* NBWPics.swift in Sources */ = {isa = PBXBuildFile; fileRef = 3D5D43361C4E777300DA8834 /* NBWPics.swift */; };
		3D5D433A1C4E894D00DA8834 /* WeiboStatusPics+CoreDataProperties.swift in Sources */ = {isa = PBXBuildFile; fileRef = 3D5D43381C4E894D00DA8834 /* WeiboStatusPics+CoreDataProperties.swift */; };
		3D5D433B1C4E894D00DA8834 /* WeiboStatusPics.swift in Sources */ = {isa = PBXBuildFile; fileRef = 3D5D43391C4E894D00DA8834 /* WeiboStatusPics.swift */; };
		3D5E86F01C847D5D00CAA2AB /* NBWNameButtonTableViewController.swift in Sources */ = {isa = PBXBuildFile; fileRef = 3D5E86EF1C847D5D00CAA2AB /* NBWNameButtonTableViewController.swift */; };
		3D5F62071C7305A200BDED94 /* Assets.xcassets in Resources */ = {isa = PBXBuildFile; fileRef = 3D5F62061C7305A200BDED94 /* Assets.xcassets */; };
		3D5F62091C7405E900BDED94 /* NBWBasicViewController.swift in Sources */ = {isa = PBXBuildFile; fileRef = 3D5F62081C7405E900BDED94 /* NBWBasicViewController.swift */; };
		3D5F620B1C741B1D00BDED94 /* NBWCommentViewController.swift in Sources */ = {isa = PBXBuildFile; fileRef = 3D5F620A1C741B1D00BDED94 /* NBWCommentViewController.swift */; };
		3D5F620E1C7459A600BDED94 /* NBWRespotViewController.swift in Sources */ = {isa = PBXBuildFile; fileRef = 3D5F620D1C7459A600BDED94 /* NBWRespotViewController.swift */; };
		3D7FEADD1C76B1EE00C2E847 /* NBWContactTableViewController.swift in Sources */ = {isa = PBXBuildFile; fileRef = 3D7FEADC1C76B1EE00C2E847 /* NBWContactTableViewController.swift */; };
		3D7FEADF1C76BEBB00C2E847 /* NBWContactResultTableViewController.swift in Sources */ = {isa = PBXBuildFile; fileRef = 3D7FEADE1C76BEBB00C2E847 /* NBWContactResultTableViewController.swift */; };
		3D92C9581C4E0B490007A12C /* NBWHomeViewController.swift in Sources */ = {isa = PBXBuildFile; fileRef = 3D92C9521C4E0B480007A12C /* NBWHomeViewController.swift */; };
		3D92C9591C4E0B490007A12C /* NBWTableViewBasicCell.swift in Sources */ = {isa = PBXBuildFile; fileRef = 3D92C9531C4E0B480007A12C /* NBWTableViewBasicCell.swift */; };
		3D92C95A1C4E0B490007A12C /* WeiboStatus.swift in Sources */ = {isa = PBXBuildFile; fileRef = 3D92C9541C4E0B480007A12C /* WeiboStatus.swift */; };
		3D92C95B1C4E0B490007A12C /* WeiboStatus+CoreDataProperties.swift in Sources */ = {isa = PBXBuildFile; fileRef = 3D92C9551C4E0B480007A12C /* WeiboStatus+CoreDataProperties.swift */; };
		3D92C95C1C4E0B490007A12C /* WeiboUser.swift in Sources */ = {isa = PBXBuildFile; fileRef = 3D92C9561C4E0B480007A12C /* WeiboUser.swift */; };
		3D92C95D1C4E0B490007A12C /* WeiboUser+CoreDataProperties.swift in Sources */ = {isa = PBXBuildFile; fileRef = 3D92C9571C4E0B490007A12C /* WeiboUser+CoreDataProperties.swift */; };
		3D9EA3221C630AF900A8383A /* NBWCommentTableViewCell.swift in Sources */ = {isa = PBXBuildFile; fileRef = 3D9EA3201C630AF900A8383A /* NBWCommentTableViewCell.swift */; };
		3D9EA3231C630AF900A8383A /* NBWCommentTableViewCell.xib in Resources */ = {isa = PBXBuildFile; fileRef = 3D9EA3211C630AF900A8383A /* NBWCommentTableViewCell.xib */; };
		3DABDB001C507C9D001BC23E /* NBWTableViewImageCell.swift in Sources */ = {isa = PBXBuildFile; fileRef = 3DABDAFF1C507C9D001BC23E /* NBWTableViewImageCell.swift */; };
		3DABDB031C51E68F001BC23E /* NBWTableViewRepostCell.swift in Sources */ = {isa = PBXBuildFile; fileRef = 3DABDB021C51E68F001BC23E /* NBWTableViewRepostCell.swift */; };
		3DCCEB7E1C4024E50062B842 /* NBWTabBarController.swift in Sources */ = {isa = PBXBuildFile; fileRef = 3DCCEB7D1C4024E50062B842 /* NBWTabBarController.swift */; };
		3DD1D3901C8D6F7E006730FC /* NBWUpdateStatusVC.swift in Sources */ = {isa = PBXBuildFile; fileRef = 3DD1D38F1C8D6F7E006730FC /* NBWUpdateStatusVC.swift */; };
		3DD1D3921C8F1A3D006730FC /* NBWShareWithTableVC.swift in Sources */ = {isa = PBXBuildFile; fileRef = 3DD1D3911C8F1A3D006730FC /* NBWShareWithTableVC.swift */; };
		3DDA2F2D1C62E66E0094D0B9 /* NBWComment.swift in Sources */ = {isa = PBXBuildFile; fileRef = 3DDA2F2C1C62E66E0094D0B9 /* NBWComment.swift */; };
		3DE1C53B1C3D4CC8008E3A94 /* AppDelegate.swift in Sources */ = {isa = PBXBuildFile; fileRef = 3DE1C53A1C3D4CC8008E3A94 /* AppDelegate.swift */; };
		3DE1C5401C3D4CC8008E3A94 /* Main.storyboard in Resources */ = {isa = PBXBuildFile; fileRef = 3DE1C53E1C3D4CC8008E3A94 /* Main.storyboard */; };
		3DE1C5431C3D4CC8008E3A94 /* NBWe1b0.xcdatamodeld in Sources */ = {isa = PBXBuildFile; fileRef = 3DE1C5411C3D4CC8008E3A94 /* NBWe1b0.xcdatamodeld */; };
		3DE1C5531C3D4CC8008E3A94 /* NBWe1b0Tests.swift in Sources */ = {isa = PBXBuildFile; fileRef = 3DE1C5521C3D4CC8008E3A94 /* NBWe1b0Tests.swift */; };
		3DE1C55E1C3D4CC8008E3A94 /* NBWe1b0UITests.swift in Sources */ = {isa = PBXBuildFile; fileRef = 3DE1C55D1C3D4CC8008E3A94 /* NBWe1b0UITests.swift */; };
		42FF1CE2C95AB01C0D4E6291 /* Pods.framework in Frameworks */ = {isa = PBXBuildFile; fileRef = 85A28E511B6FA96780A53227 /* Pods.framework */; settings = {ATTRIBUTES = (Weak, ); }; };
/* End PBXBuildFile section */

/* Begin PBXContainerItemProxy section */
		3DE1C54F1C3D4CC8008E3A94 /* PBXContainerItemProxy */ = {
			isa = PBXContainerItemProxy;
			containerPortal = 3DE1C52F1C3D4CC7008E3A94 /* Project object */;
			proxyType = 1;
			remoteGlobalIDString = 3DE1C5361C3D4CC8008E3A94;
			remoteInfo = NBWe1b0;
		};
		3DE1C55A1C3D4CC8008E3A94 /* PBXContainerItemProxy */ = {
			isa = PBXContainerItemProxy;
			containerPortal = 3DE1C52F1C3D4CC7008E3A94 /* Project object */;
			proxyType = 1;
			remoteGlobalIDString = 3DE1C5361C3D4CC8008E3A94;
			remoteInfo = NBWe1b0;
		};
/* End PBXContainerItemProxy section */

/* Begin PBXFileReference section */
		3D0BED2D1C448FC900C1ED41 /* NBWComposeViewController.swift */ = {isa = PBXFileReference; fileEncoding = 4; lastKnownFileType = sourcecode.swift; path = NBWComposeViewController.swift; sourceTree = "<group>"; };
		3D11468F1C8FF2AD008479D2 /* NBWCompseBasicFuntion.swift */ = {isa = PBXFileReference; fileEncoding = 4; lastKnownFileType = sourcecode.swift; name = NBWCompseBasicFuntion.swift; path = Compose/NBWCompseBasicFuntion.swift; sourceTree = "<group>"; };
		3D1ED7AB1C88929F00009CB3 /* NBWCommentTableViewController.swift */ = {isa = PBXFileReference; fileEncoding = 4; lastKnownFileType = sourcecode.swift; name = NBWCommentTableViewController.swift; path = OfficialMessageVC/NBWCommentTableViewController.swift; sourceTree = "<group>"; };
		3D1ED7AD1C89211C00009CB3 /* Comment+CoreDataProperties.swift */ = {isa = PBXFileReference; fileEncoding = 4; lastKnownFileType = sourcecode.swift; name = "Comment+CoreDataProperties.swift"; path = "CoreDataFunction/Comment+CoreDataProperties.swift"; sourceTree = "<group>"; };
		3D1ED7AE1C89211C00009CB3 /* Comment.swift */ = {isa = PBXFileReference; fileEncoding = 4; lastKnownFileType = sourcecode.swift; name = Comment.swift; path = CoreDataFunction/Comment.swift; sourceTree = "<group>"; };
		3D1ED7B11C8962AC00009CB3 /* NBWFilterCommentTableViewController.swift */ = {isa = PBXFileReference; fileEncoding = 4; lastKnownFileType = sourcecode.swift; name = NBWFilterCommentTableViewController.swift; path = OfficialMessageVC/NBWFilterCommentTableViewController.swift; sourceTree = "<group>"; };
		3D2C51011C852CB500E19000 /* NBWMessageTableViewController.swift */ = {isa = PBXFileReference; fileEncoding = 4; lastKnownFileType = sourcecode.swift; path = NBWMessageTableViewController.swift; sourceTree = "<group>"; };
		3D2C51031C85301500E19000 /* NBWOfficialTableViewCell.swift */ = {isa = PBXFileReference; fileEncoding = 4; lastKnownFileType = sourcecode.swift; path = NBWOfficialTableViewCell.swift; sourceTree = "<group>"; };
		3D2C51061C85305C00E19000 /* NBWFollowerTableViewCell.swift */ = {isa = PBXFileReference; fileEncoding = 4; lastKnownFileType = sourcecode.swift; path = NBWFollowerTableViewCell.swift; sourceTree = "<group>"; };
		3D2C51091C8578FA00E19000 /* NBWMentionTableViewController.swift */ = {isa = PBXFileReference; fileEncoding = 4; lastKnownFileType = sourcecode.swift; name = NBWMentionTableViewController.swift; path = OfficialMessageVC/NBWMentionTableViewController.swift; sourceTree = "<group>"; };
		3D2C51101C858A9F00E19000 /* NBWCoreDataFunctions.swift */ = {isa = PBXFileReference; fileEncoding = 4; lastKnownFileType = sourcecode.swift; name = NBWCoreDataFunctions.swift; path = CoreDataFunction/NBWCoreDataFunctions.swift; sourceTree = "<group>"; };
		3D2D053B1C643F2C001F1320 /* NBWRepostTableViewCell.swift */ = {isa = PBXFileReference; fileEncoding = 4; lastKnownFileType = sourcecode.swift; name = NBWRepostTableViewCell.swift; path = Home/NBWRepostTableViewCell.swift; sourceTree = "<group>"; };
		3D2D053C1C643F2C001F1320 /* NBWRepostTableViewCell.xib */ = {isa = PBXFileReference; fileEncoding = 4; lastKnownFileType = file.xib; name = NBWRepostTableViewCell.xib; path = Home/NBWRepostTableViewCell.xib; sourceTree = "<group>"; };
		3D467BF71C571B47007A1797 /* NBWeiboContextBasicViewController.swift */ = {isa = PBXFileReference; fileEncoding = 4; lastKnownFileType = sourcecode.swift; name = NBWeiboContextBasicViewController.swift; path = Home/NBWeiboContextBasicViewController.swift; sourceTree = "<group>"; };
		3D499CBF1C897CDB00224F71 /* NBWBasicTableViewCellFunctions.swift */ = {isa = PBXFileReference; fileEncoding = 4; lastKnownFileType = sourcecode.swift; name = NBWBasicTableViewCellFunctions.swift; path = OfficialMessageVC/NBWBasicTableViewCellFunctions.swift; sourceTree = "<group>"; };
		3D5D43361C4E777300DA8834 /* NBWPics.swift */ = {isa = PBXFileReference; fileEncoding = 4; lastKnownFileType = sourcecode.swift; name = NBWPics.swift; path = Home/NBWPics.swift; sourceTree = "<group>"; };
		3D5D43381C4E894D00DA8834 /* WeiboStatusPics+CoreDataProperties.swift */ = {isa = PBXFileReference; fileEncoding = 4; lastKnownFileType = sourcecode.swift; name = "WeiboStatusPics+CoreDataProperties.swift"; path = "Home/WeiboStatusPics+CoreDataProperties.swift"; sourceTree = "<group>"; };
		3D5D43391C4E894D00DA8834 /* WeiboStatusPics.swift */ = {isa = PBXFileReference; fileEncoding = 4; lastKnownFileType = sourcecode.swift; name = WeiboStatusPics.swift; path = Home/WeiboStatusPics.swift; sourceTree = "<group>"; };
		3D5E86EF1C847D5D00CAA2AB /* NBWNameButtonTableViewController.swift */ = {isa = PBXFileReference; fileEncoding = 4; lastKnownFileType = sourcecode.swift; name = NBWNameButtonTableViewController.swift; path = Home/NBWNameButtonTableViewController.swift; sourceTree = "<group>"; };
		3D5F62061C7305A200BDED94 /* Assets.xcassets */ = {isa = PBXFileReference; lastKnownFileType = folder.assetcatalog; path = Assets.xcassets; sourceTree = "<group>"; };
		3D5F62081C7405E900BDED94 /* NBWBasicViewController.swift */ = {isa = PBXFileReference; fileEncoding = 4; lastKnownFileType = sourcecode.swift; name = NBWBasicViewController.swift; path = Home/NBWBasicViewController.swift; sourceTree = "<group>"; };
		3D5F620A1C741B1D00BDED94 /* NBWCommentViewController.swift */ = {isa = PBXFileReference; fileEncoding = 4; lastKnownFileType = sourcecode.swift; name = NBWCommentViewController.swift; path = Home/NBWCommentViewController.swift; sourceTree = "<group>"; };
		3D5F620D1C7459A600BDED94 /* NBWRespotViewController.swift */ = {isa = PBXFileReference; fileEncoding = 4; lastKnownFileType = sourcecode.swift; name = NBWRespotViewController.swift; path = Home/NBWRespotViewController.swift; sourceTree = "<group>"; };
		3D7FEADC1C76B1EE00C2E847 /* NBWContactTableViewController.swift */ = {isa = PBXFileReference; fileEncoding = 4; lastKnownFileType = sourcecode.swift; name = NBWContactTableViewController.swift; path = Home/NBWContactTableViewController.swift; sourceTree = "<group>"; };
		3D7FEADE1C76BEBB00C2E847 /* NBWContactResultTableViewController.swift */ = {isa = PBXFileReference; fileEncoding = 4; lastKnownFileType = sourcecode.swift; name = NBWContactResultTableViewController.swift; path = Home/NBWContactResultTableViewController.swift; sourceTree = "<group>"; };
		3D92C9521C4E0B480007A12C /* NBWHomeViewController.swift */ = {isa = PBXFileReference; fileEncoding = 4; lastKnownFileType = sourcecode.swift; name = NBWHomeViewController.swift; path = Home/NBWHomeViewController.swift; sourceTree = "<group>"; };
		3D92C9531C4E0B480007A12C /* NBWTableViewBasicCell.swift */ = {isa = PBXFileReference; fileEncoding = 4; lastKnownFileType = sourcecode.swift; name = NBWTableViewBasicCell.swift; path = Home/NBWTableViewBasicCell.swift; sourceTree = "<group>"; };
		3D92C9541C4E0B480007A12C /* WeiboStatus.swift */ = {isa = PBXFileReference; fileEncoding = 4; lastKnownFileType = sourcecode.swift; name = WeiboStatus.swift; path = Home/WeiboStatus.swift; sourceTree = "<group>"; };
		3D92C9551C4E0B480007A12C /* WeiboStatus+CoreDataProperties.swift */ = {isa = PBXFileReference; fileEncoding = 4; lastKnownFileType = sourcecode.swift; name = "WeiboStatus+CoreDataProperties.swift"; path = "Home/WeiboStatus+CoreDataProperties.swift"; sourceTree = "<group>"; };
		3D92C9561C4E0B480007A12C /* WeiboUser.swift */ = {isa = PBXFileReference; fileEncoding = 4; lastKnownFileType = sourcecode.swift; name = WeiboUser.swift; path = Home/WeiboUser.swift; sourceTree = "<group>"; };
		3D92C9571C4E0B490007A12C /* WeiboUser+CoreDataProperties.swift */ = {isa = PBXFileReference; fileEncoding = 4; lastKnownFileType = sourcecode.swift; name = "WeiboUser+CoreDataProperties.swift"; path = "Home/WeiboUser+CoreDataProperties.swift"; sourceTree = "<group>"; };
		3D9EA3201C630AF900A8383A /* NBWCommentTableViewCell.swift */ = {isa = PBXFileReference; fileEncoding = 4; lastKnownFileType = sourcecode.swift; name = NBWCommentTableViewCell.swift; path = Home/NBWCommentTableViewCell.swift; sourceTree = "<group>"; };
		3D9EA3211C630AF900A8383A /* NBWCommentTableViewCell.xib */ = {isa = PBXFileReference; fileEncoding = 4; lastKnownFileType = file.xib; name = NBWCommentTableViewCell.xib; path = Home/NBWCommentTableViewCell.xib; sourceTree = "<group>"; };
		3DABDAFF1C507C9D001BC23E /* NBWTableViewImageCell.swift */ = {isa = PBXFileReference; fileEncoding = 4; lastKnownFileType = sourcecode.swift; name = NBWTableViewImageCell.swift; path = Home/NBWTableViewImageCell.swift; sourceTree = "<group>"; };
		3DABDB021C51E68F001BC23E /* NBWTableViewRepostCell.swift */ = {isa = PBXFileReference; fileEncoding = 4; lastKnownFileType = sourcecode.swift; name = NBWTableViewRepostCell.swift; path = Home/NBWTableViewRepostCell.swift; sourceTree = "<group>"; };
		3DCCEB761C4022420062B842 /* NBWe1b0-Bridging-Header.h */ = {isa = PBXFileReference; lastKnownFileType = sourcecode.c.h; path = "NBWe1b0-Bridging-Header.h"; sourceTree = "<group>"; };
		3DCCEB7D1C4024E50062B842 /* NBWTabBarController.swift */ = {isa = PBXFileReference; fileEncoding = 4; lastKnownFileType = sourcecode.swift; path = NBWTabBarController.swift; sourceTree = "<group>"; };
		3DD1D38F1C8D6F7E006730FC /* NBWUpdateStatusVC.swift */ = {isa = PBXFileReference; fileEncoding = 4; lastKnownFileType = sourcecode.swift; name = NBWUpdateStatusVC.swift; path = Compose/NBWUpdateStatusVC.swift; sourceTree = "<group>"; };
		3DD1D3911C8F1A3D006730FC /* NBWShareWithTableVC.swift */ = {isa = PBXFileReference; fileEncoding = 4; lastKnownFileType = sourcecode.swift; name = NBWShareWithTableVC.swift; path = Compose/NBWShareWithTableVC.swift; sourceTree = "<group>"; };
		3DDA2F2C1C62E66E0094D0B9 /* NBWComment.swift */ = {isa = PBXFileReference; fileEncoding = 4; lastKnownFileType = sourcecode.swift; name = NBWComment.swift; path = Home/NBWComment.swift; sourceTree = "<group>"; };
		3DE1C5371C3D4CC8008E3A94 /* NBWe1b0.app */ = {isa = PBXFileReference; explicitFileType = wrapper.application; includeInIndex = 0; path = NBWe1b0.app; sourceTree = BUILT_PRODUCTS_DIR; };
		3DE1C53A1C3D4CC8008E3A94 /* AppDelegate.swift */ = {isa = PBXFileReference; lastKnownFileType = sourcecode.swift; path = AppDelegate.swift; sourceTree = "<group>"; };
		3DE1C53F1C3D4CC8008E3A94 /* Base */ = {isa = PBXFileReference; lastKnownFileType = file.storyboard; name = Base; path = Base.lproj/Main.storyboard; sourceTree = "<group>"; };
		3DE1C5421C3D4CC8008E3A94 /* NBWe1b0.xcdatamodel */ = {isa = PBXFileReference; lastKnownFileType = wrapper.xcdatamodel; path = NBWe1b0.xcdatamodel; sourceTree = "<group>"; };
		3DE1C5491C3D4CC8008E3A94 /* Info.plist */ = {isa = PBXFileReference; lastKnownFileType = text.plist.xml; path = Info.plist; sourceTree = "<group>"; };
		3DE1C54E1C3D4CC8008E3A94 /* NBWe1b0Tests.xctest */ = {isa = PBXFileReference; explicitFileType = wrapper.cfbundle; includeInIndex = 0; path = NBWe1b0Tests.xctest; sourceTree = BUILT_PRODUCTS_DIR; };
		3DE1C5521C3D4CC8008E3A94 /* NBWe1b0Tests.swift */ = {isa = PBXFileReference; lastKnownFileType = sourcecode.swift; path = NBWe1b0Tests.swift; sourceTree = "<group>"; };
		3DE1C5541C3D4CC8008E3A94 /* Info.plist */ = {isa = PBXFileReference; lastKnownFileType = text.plist.xml; path = Info.plist; sourceTree = "<group>"; };
		3DE1C5591C3D4CC8008E3A94 /* NBWe1b0UITests.xctest */ = {isa = PBXFileReference; explicitFileType = wrapper.cfbundle; includeInIndex = 0; path = NBWe1b0UITests.xctest; sourceTree = BUILT_PRODUCTS_DIR; };
		3DE1C55D1C3D4CC8008E3A94 /* NBWe1b0UITests.swift */ = {isa = PBXFileReference; lastKnownFileType = sourcecode.swift; path = NBWe1b0UITests.swift; sourceTree = "<group>"; };
		3DE1C55F1C3D4CC8008E3A94 /* Info.plist */ = {isa = PBXFileReference; lastKnownFileType = text.plist.xml; path = Info.plist; sourceTree = "<group>"; };
		791FD454D9D8179E99F850B8 /* Pods.debug.xcconfig */ = {isa = PBXFileReference; includeInIndex = 1; lastKnownFileType = text.xcconfig; name = Pods.debug.xcconfig; path = "Pods/Target Support Files/Pods/Pods.debug.xcconfig"; sourceTree = "<group>"; };
		7F4B1336DE0F1420E794259B /* Pods.release.xcconfig */ = {isa = PBXFileReference; includeInIndex = 1; lastKnownFileType = text.xcconfig; name = Pods.release.xcconfig; path = "Pods/Target Support Files/Pods/Pods.release.xcconfig"; sourceTree = "<group>"; };
		85A28E511B6FA96780A53227 /* Pods.framework */ = {isa = PBXFileReference; explicitFileType = wrapper.framework; includeInIndex = 0; path = Pods.framework; sourceTree = BUILT_PRODUCTS_DIR; };
/* End PBXFileReference section */

/* Begin PBXFrameworksBuildPhase section */
		3DE1C5341C3D4CC8008E3A94 /* Frameworks */ = {
			isa = PBXFrameworksBuildPhase;
			buildActionMask = 2147483647;
			files = (
				42FF1CE2C95AB01C0D4E6291 /* Pods.framework in Frameworks */,
			);
			runOnlyForDeploymentPostprocessing = 0;
		};
		3DE1C54B1C3D4CC8008E3A94 /* Frameworks */ = {
			isa = PBXFrameworksBuildPhase;
			buildActionMask = 2147483647;
			files = (
			);
			runOnlyForDeploymentPostprocessing = 0;
		};
		3DE1C5561C3D4CC8008E3A94 /* Frameworks */ = {
			isa = PBXFrameworksBuildPhase;
			buildActionMask = 2147483647;
			files = (
			);
			runOnlyForDeploymentPostprocessing = 0;
		};
/* End PBXFrameworksBuildPhase section */

/* Begin PBXGroup section */
		153B00D6817DCF80DB761C07 /* Pods */ = {
			isa = PBXGroup;
			children = (
				791FD454D9D8179E99F850B8 /* Pods.debug.xcconfig */,
				7F4B1336DE0F1420E794259B /* Pods.release.xcconfig */,
			);
			name = Pods;
			sourceTree = "<group>";
		};
		3D11468E1C8FF274008479D2 /* UpdateStatusVC */ = {
			isa = PBXGroup;
			children = (
				3DD1D38F1C8D6F7E006730FC /* NBWUpdateStatusVC.swift */,
				3DD1D3911C8F1A3D006730FC /* NBWShareWithTableVC.swift */,
			);
			name = UpdateStatusVC;
			sourceTree = "<group>";
		};
		3D1ED7AA1C88920600009CB3 /* Comment */ = {
			isa = PBXGroup;
			children = (
				3D1ED7AB1C88929F00009CB3 /* NBWCommentTableViewController.swift */,
				3D1ED7B11C8962AC00009CB3 /* NBWFilterCommentTableViewController.swift */,
			);
			name = Comment;
			sourceTree = "<group>";
		};
		3D2C51001C852C6100E19000 /* Message */ = {
			isa = PBXGroup;
			children = (
				3D2C51081C8577E500E19000 /* OfficicalMessageVC */,
				3D2C51051C85302100E19000 /* TableViewCell */,
				3D2C51011C852CB500E19000 /* NBWMessageTableViewController.swift */,
			);
			path = Message;
			sourceTree = "<group>";
		};
		3D2C51051C85302100E19000 /* TableViewCell */ = {
			isa = PBXGroup;
			children = (
				3D2C51031C85301500E19000 /* NBWOfficialTableViewCell.swift */,
				3D2C51061C85305C00E19000 /* NBWFollowerTableViewCell.swift */,
			);
			name = TableViewCell;
			sourceTree = "<group>";
		};
		3D2C51081C8577E500E19000 /* OfficicalMessageVC */ = {
			isa = PBXGroup;
			children = (
				3D499CBF1C897CDB00224F71 /* NBWBasicTableViewCellFunctions.swift */,
				3D2C51121C86BE4900E19000 /* Mention */,
				3D1ED7AA1C88920600009CB3 /* Comment */,
			);
			name = OfficicalMessageVC;
			sourceTree = "<group>";
		};
		3D2C510F1C858A4B00E19000 /* CoreDataFunction */ = {
			isa = PBXGroup;
			children = (
				3DDA2F2F1C62E6A90094D0B9 /* WeiboModel(CoreData) */,
				3D467BF61C560045007A1797 /* WeiboDataModel */,
				3D2C51101C858A9F00E19000 /* NBWCoreDataFunctions.swift */,
			);
			name = CoreDataFunction;
			sourceTree = "<group>";
		};
		3D2C51121C86BE4900E19000 /* Mention */ = {
			isa = PBXGroup;
			children = (
				3D2C51091C8578FA00E19000 /* NBWMentionTableViewController.swift */,
			);
			name = Mention;
			sourceTree = "<group>";
		};
		3D467BF61C560045007A1797 /* WeiboDataModel */ = {
			isa = PBXGroup;
			children = (
				3D5D43361C4E777300DA8834 /* NBWPics.swift */,
				3DDA2F2C1C62E66E0094D0B9 /* NBWComment.swift */,
			);
			name = WeiboDataModel;
			sourceTree = "<group>";
		};
		3D5F620C1C74597C00BDED94 /* Repost&Comment */ = {
			isa = PBXGroup;
			children = (
				3D7FEADC1C76B1EE00C2E847 /* NBWContactTableViewController.swift */,
				3D7FEADE1C76BEBB00C2E847 /* NBWContactResultTableViewController.swift */,
				3D5F62081C7405E900BDED94 /* NBWBasicViewController.swift */,
				3D5F620D1C7459A600BDED94 /* NBWRespotViewController.swift */,
				3D5F620A1C741B1D00BDED94 /* NBWCommentViewController.swift */,
			);
			name = "Repost&Comment";
			sourceTree = "<group>";
		};
		3D5F620F1C7557B300BDED94 /* Home */ = {
			isa = PBXGroup;
			children = (
				3D92C9531C4E0B480007A12C /* NBWTableViewBasicCell.swift */,
				3DABDAFF1C507C9D001BC23E /* NBWTableViewImageCell.swift */,
				3DABDB021C51E68F001BC23E /* NBWTableViewRepostCell.swift */,
			);
			name = Home;
			sourceTree = "<group>";
		};
		3D9EA31C1C62FADA00A8383A /* WeiboContextCell */ = {
			isa = PBXGroup;
			children = (
				3D2D053B1C643F2C001F1320 /* NBWRepostTableViewCell.swift */,
				3D2D053C1C643F2C001F1320 /* NBWRepostTableViewCell.xib */,
				3D9EA3201C630AF900A8383A /* NBWCommentTableViewCell.swift */,
				3D9EA3211C630AF900A8383A /* NBWCommentTableViewCell.xib */,
			);
			name = WeiboContextCell;
			sourceTree = "<group>";
		};
		3DABDB011C507E70001BC23E /* TableViewCell */ = {
			isa = PBXGroup;
			children = (
				3D5F620F1C7557B300BDED94 /* Home */,
				3D9EA31C1C62FADA00A8383A /* WeiboContextCell */,
			);
			name = TableViewCell;
			sourceTree = "<group>";
		};
		3DD1D38C1C8D6EF7006730FC /* Compose */ = {
			isa = PBXGroup;
			children = (
				3D11468F1C8FF2AD008479D2 /* NBWCompseBasicFuntion.swift */,
				3D11468E1C8FF274008479D2 /* UpdateStatusVC */,
				3D0BED2D1C448FC900C1ED41 /* NBWComposeViewController.swift */,
			);
			name = Compose;
			sourceTree = "<group>";
		};
		3DDA2F2F1C62E6A90094D0B9 /* WeiboModel(CoreData) */ = {
			isa = PBXGroup;
			children = (
				3D92C9541C4E0B480007A12C /* WeiboStatus.swift */,
				3D92C9551C4E0B480007A12C /* WeiboStatus+CoreDataProperties.swift */,
				3D92C9561C4E0B480007A12C /* WeiboUser.swift */,
				3D92C9571C4E0B490007A12C /* WeiboUser+CoreDataProperties.swift */,
				3D5D43391C4E894D00DA8834 /* WeiboStatusPics.swift */,
				3D5D43381C4E894D00DA8834 /* WeiboStatusPics+CoreDataProperties.swift */,
				3D1ED7AD1C89211C00009CB3 /* Comment+CoreDataProperties.swift */,
				3D1ED7AE1C89211C00009CB3 /* Comment.swift */,
			);
			name = "WeiboModel(CoreData)";
			sourceTree = "<group>";
		};
		3DE1C52E1C3D4CC7008E3A94 = {
			isa = PBXGroup;
			children = (
				3DE1C5391C3D4CC8008E3A94 /* NBWe1b0 */,
				3DE1C5511C3D4CC8008E3A94 /* NBWe1b0Tests */,
				3DE1C55C1C3D4CC8008E3A94 /* NBWe1b0UITests */,
				3DE1C5381C3D4CC8008E3A94 /* Products */,
				153B00D6817DCF80DB761C07 /* Pods */,
				A9C442AACB2385669BC55BFC /* Frameworks */,
			);
			sourceTree = "<group>";
		};
		3DE1C5381C3D4CC8008E3A94 /* Products */ = {
			isa = PBXGroup;
			children = (
				3DE1C5371C3D4CC8008E3A94 /* NBWe1b0.app */,
				3DE1C54E1C3D4CC8008E3A94 /* NBWe1b0Tests.xctest */,
				3DE1C5591C3D4CC8008E3A94 /* NBWe1b0UITests.xctest */,
			);
			name = Products;
			sourceTree = "<group>";
		};
		3DE1C5391C3D4CC8008E3A94 /* NBWe1b0 */ = {
			isa = PBXGroup;
			children = (
				3DE1C53A1C3D4CC8008E3A94 /* AppDelegate.swift */,
				3DCCEB7D1C4024E50062B842 /* NBWTabBarController.swift */,
				3D2C510F1C858A4B00E19000 /* CoreDataFunction */,
				3DF22D971C4AA1A700DD53D2 /* Home */,
				3D2C51001C852C6100E19000 /* Message */,
				3DD1D38C1C8D6EF7006730FC /* Compose */,
				3DE1C53E1C3D4CC8008E3A94 /* Main.storyboard */,
				3D5F62061C7305A200BDED94 /* Assets.xcassets */,
				3DE1C5491C3D4CC8008E3A94 /* Info.plist */,
				3DE1C5411C3D4CC8008E3A94 /* NBWe1b0.xcdatamodeld */,
				3DCCEB761C4022420062B842 /* NBWe1b0-Bridging-Header.h */,
			);
			path = NBWe1b0;
			sourceTree = "<group>";
		};
		3DE1C5511C3D4CC8008E3A94 /* NBWe1b0Tests */ = {
			isa = PBXGroup;
			children = (
				3DE1C5521C3D4CC8008E3A94 /* NBWe1b0Tests.swift */,
				3DE1C5541C3D4CC8008E3A94 /* Info.plist */,
			);
			path = NBWe1b0Tests;
			sourceTree = "<group>";
		};
		3DE1C55C1C3D4CC8008E3A94 /* NBWe1b0UITests */ = {
			isa = PBXGroup;
			children = (
				3DE1C55D1C3D4CC8008E3A94 /* NBWe1b0UITests.swift */,
				3DE1C55F1C3D4CC8008E3A94 /* Info.plist */,
			);
			path = NBWe1b0UITests;
			sourceTree = "<group>";
		};
		3DF22D971C4AA1A700DD53D2 /* Home */ = {
			isa = PBXGroup;
			children = (
				3D5F620C1C74597C00BDED94 /* Repost&Comment */,
				3DABDB011C507E70001BC23E /* TableViewCell */,
				3D92C9521C4E0B480007A12C /* NBWHomeViewController.swift */,
				3D467BF71C571B47007A1797 /* NBWeiboContextBasicViewController.swift */,
				3D5E86EF1C847D5D00CAA2AB /* NBWNameButtonTableViewController.swift */,
			);
			name = Home;
			sourceTree = "<group>";
		};
		A9C442AACB2385669BC55BFC /* Frameworks */ = {
			isa = PBXGroup;
			children = (
				85A28E511B6FA96780A53227 /* Pods.framework */,
			);
			name = Frameworks;
			sourceTree = "<group>";
		};
/* End PBXGroup section */

/* Begin PBXNativeTarget section */
		3DE1C5361C3D4CC8008E3A94 /* NBWe1b0 */ = {
			isa = PBXNativeTarget;
			buildConfigurationList = 3DE1C5621C3D4CC8008E3A94 /* Build configuration list for PBXNativeTarget "NBWe1b0" */;
			buildPhases = (
				0717EFCC2D41BDD3C7F541D4 /* Check Pods Manifest.lock */,
				3DE1C5331C3D4CC8008E3A94 /* Sources */,
				3DE1C5341C3D4CC8008E3A94 /* Frameworks */,
				3DE1C5351C3D4CC8008E3A94 /* Resources */,
				B794362EC3CBC85DDB9712CF /* Copy Pods Resources */,
				5D18D091D9BA4117CCA3D531 /* Embed Pods Frameworks */,
			);
			buildRules = (
			);
			dependencies = (
			);
			name = NBWe1b0;
			productName = NBWe1b0;
			productReference = 3DE1C5371C3D4CC8008E3A94 /* NBWe1b0.app */;
			productType = "com.apple.product-type.application";
		};
		3DE1C54D1C3D4CC8008E3A94 /* NBWe1b0Tests */ = {
			isa = PBXNativeTarget;
			buildConfigurationList = 3DE1C5651C3D4CC8008E3A94 /* Build configuration list for PBXNativeTarget "NBWe1b0Tests" */;
			buildPhases = (
				3DE1C54A1C3D4CC8008E3A94 /* Sources */,
				3DE1C54B1C3D4CC8008E3A94 /* Frameworks */,
				3DE1C54C1C3D4CC8008E3A94 /* Resources */,
			);
			buildRules = (
			);
			dependencies = (
				3DE1C5501C3D4CC8008E3A94 /* PBXTargetDependency */,
			);
			name = NBWe1b0Tests;
			productName = NBWe1b0Tests;
			productReference = 3DE1C54E1C3D4CC8008E3A94 /* NBWe1b0Tests.xctest */;
			productType = "com.apple.product-type.bundle.unit-test";
		};
		3DE1C5581C3D4CC8008E3A94 /* NBWe1b0UITests */ = {
			isa = PBXNativeTarget;
			buildConfigurationList = 3DE1C5681C3D4CC8008E3A94 /* Build configuration list for PBXNativeTarget "NBWe1b0UITests" */;
			buildPhases = (
				3DE1C5551C3D4CC8008E3A94 /* Sources */,
				3DE1C5561C3D4CC8008E3A94 /* Frameworks */,
				3DE1C5571C3D4CC8008E3A94 /* Resources */,
			);
			buildRules = (
			);
			dependencies = (
				3DE1C55B1C3D4CC8008E3A94 /* PBXTargetDependency */,
			);
			name = NBWe1b0UITests;
			productName = NBWe1b0UITests;
			productReference = 3DE1C5591C3D4CC8008E3A94 /* NBWe1b0UITests.xctest */;
			productType = "com.apple.product-type.bundle.ui-testing";
		};
/* End PBXNativeTarget section */

/* Begin PBXProject section */
		3DE1C52F1C3D4CC7008E3A94 /* Project object */ = {
			isa = PBXProject;
			attributes = {
				LastSwiftUpdateCheck = 0720;
				LastUpgradeCheck = 0720;
				ORGANIZATIONNAME = JackChan;
				TargetAttributes = {
					3DE1C5361C3D4CC8008E3A94 = {
						CreatedOnToolsVersion = 7.2;
					};
					3DE1C54D1C3D4CC8008E3A94 = {
						CreatedOnToolsVersion = 7.2;
						TestTargetID = 3DE1C5361C3D4CC8008E3A94;
					};
					3DE1C5581C3D4CC8008E3A94 = {
						CreatedOnToolsVersion = 7.2;
						TestTargetID = 3DE1C5361C3D4CC8008E3A94;
					};
				};
			};
			buildConfigurationList = 3DE1C5321C3D4CC7008E3A94 /* Build configuration list for PBXProject "NBWe1b0" */;
			compatibilityVersion = "Xcode 3.2";
			developmentRegion = English;
			hasScannedForEncodings = 0;
			knownRegions = (
				en,
				Base,
			);
			mainGroup = 3DE1C52E1C3D4CC7008E3A94;
			productRefGroup = 3DE1C5381C3D4CC8008E3A94 /* Products */;
			projectDirPath = "";
			projectRoot = "";
			targets = (
				3DE1C5361C3D4CC8008E3A94 /* NBWe1b0 */,
				3DE1C54D1C3D4CC8008E3A94 /* NBWe1b0Tests */,
				3DE1C5581C3D4CC8008E3A94 /* NBWe1b0UITests */,
			);
		};
/* End PBXProject section */

/* Begin PBXResourcesBuildPhase section */
		3DE1C5351C3D4CC8008E3A94 /* Resources */ = {
			isa = PBXResourcesBuildPhase;
			buildActionMask = 2147483647;
			files = (
				3DE1C5401C3D4CC8008E3A94 /* Main.storyboard in Resources */,
				3D2D053E1C643F2C001F1320 /* NBWRepostTableViewCell.xib in Resources */,
				3D5F62071C7305A200BDED94 /* Assets.xcassets in Resources */,
				3D9EA3231C630AF900A8383A /* NBWCommentTableViewCell.xib in Resources */,
			);
			runOnlyForDeploymentPostprocessing = 0;
		};
		3DE1C54C1C3D4CC8008E3A94 /* Resources */ = {
			isa = PBXResourcesBuildPhase;
			buildActionMask = 2147483647;
			files = (
			);
			runOnlyForDeploymentPostprocessing = 0;
		};
		3DE1C5571C3D4CC8008E3A94 /* Resources */ = {
			isa = PBXResourcesBuildPhase;
			buildActionMask = 2147483647;
			files = (
			);
			runOnlyForDeploymentPostprocessing = 0;
		};
/* End PBXResourcesBuildPhase section */

/* Begin PBXShellScriptBuildPhase section */
		0717EFCC2D41BDD3C7F541D4 /* Check Pods Manifest.lock */ = {
			isa = PBXShellScriptBuildPhase;
			buildActionMask = 2147483647;
			files = (
			);
			inputPaths = (
			);
			name = "Check Pods Manifest.lock";
			outputPaths = (
			);
			runOnlyForDeploymentPostprocessing = 0;
			shellPath = /bin/sh;
			shellScript = "diff \"${PODS_ROOT}/../Podfile.lock\" \"${PODS_ROOT}/Manifest.lock\" > /dev/null\nif [[ $? != 0 ]] ; then\n    cat << EOM\nerror: The sandbox is not in sync with the Podfile.lock. Run 'pod install' or update your CocoaPods installation.\nEOM\n    exit 1\nfi\n";
			showEnvVarsInLog = 0;
		};
		5D18D091D9BA4117CCA3D531 /* Embed Pods Frameworks */ = {
			isa = PBXShellScriptBuildPhase;
			buildActionMask = 2147483647;
			files = (
			);
			inputPaths = (
			);
			name = "Embed Pods Frameworks";
			outputPaths = (
			);
			runOnlyForDeploymentPostprocessing = 0;
			shellPath = /bin/sh;
			shellScript = "\"${SRCROOT}/Pods/Target Support Files/Pods/Pods-frameworks.sh\"\n";
			showEnvVarsInLog = 0;
		};
		B794362EC3CBC85DDB9712CF /* Copy Pods Resources */ = {
			isa = PBXShellScriptBuildPhase;
			buildActionMask = 2147483647;
			files = (
			);
			inputPaths = (
			);
			name = "Copy Pods Resources";
			outputPaths = (
			);
			runOnlyForDeploymentPostprocessing = 0;
			shellPath = /bin/sh;
			shellScript = "\"${SRCROOT}/Pods/Target Support Files/Pods/Pods-resources.sh\"\n";
			showEnvVarsInLog = 0;
		};
/* End PBXShellScriptBuildPhase section */

/* Begin PBXSourcesBuildPhase section */
		3DE1C5331C3D4CC8008E3A94 /* Sources */ = {
			isa = PBXSourcesBuildPhase;
			buildActionMask = 2147483647;
			files = (
				3D92C95D1C4E0B490007A12C /* WeiboUser+CoreDataProperties.swift in Sources */,
				3DD1D3901C8D6F7E006730FC /* NBWUpdateStatusVC.swift in Sources */,
				3DABDB001C507C9D001BC23E /* NBWTableViewImageCell.swift in Sources */,
				3D92C95A1C4E0B490007A12C /* WeiboStatus.swift in Sources */,
				3D1ED7B21C8962AC00009CB3 /* NBWFilterCommentTableViewController.swift in Sources */,
				3D2C51021C852CB500E19000 /* NBWMessageTableViewController.swift in Sources */,
				3D9EA3221C630AF900A8383A /* NBWCommentTableViewCell.swift in Sources */,
				3D5E86F01C847D5D00CAA2AB /* NBWNameButtonTableViewController.swift in Sources */,
				3D2C510A1C8578FA00E19000 /* NBWMentionTableViewController.swift in Sources */,
				3D5D43371C4E777300DA8834 /* NBWPics.swift in Sources */,
				3D2C51111C858A9F00E19000 /* NBWCoreDataFunctions.swift in Sources */,
				3D7FEADF1C76BEBB00C2E847 /* NBWContactResultTableViewController.swift in Sources */,
				3D5F620B1C741B1D00BDED94 /* NBWCommentViewController.swift in Sources */,
				3D499CC01C897CDB00224F71 /* NBWBasicTableViewCellFunctions.swift in Sources */,
				3DE1C53B1C3D4CC8008E3A94 /* AppDelegate.swift in Sources */,
				3D7FEADD1C76B1EE00C2E847 /* NBWContactTableViewController.swift in Sources */,
				3D5F620E1C7459A600BDED94 /* NBWRespotViewController.swift in Sources */,
				3D92C95C1C4E0B490007A12C /* WeiboUser.swift in Sources */,
				3DABDB031C51E68F001BC23E /* NBWTableViewRepostCell.swift in Sources */,
				3D1146901C8FF2AD008479D2 /* NBWCompseBasicFuntion.swift in Sources */,
				3D1ED7AC1C88929F00009CB3 /* NBWCommentTableViewController.swift in Sources */,
				3D5D433B1C4E894D00DA8834 /* WeiboStatusPics.swift in Sources */,
				3DD1D3921C8F1A3D006730FC /* NBWShareWithTableVC.swift in Sources */,
				3D1ED7AF1C89211C00009CB3 /* Comment+CoreDataProperties.swift in Sources */,
				3DCCEB7E1C4024E50062B842 /* NBWTabBarController.swift in Sources */,
				3D2D053D1C643F2C001F1320 /* NBWRepostTableViewCell.swift in Sources */,
				3D2C51071C85305C00E19000 /* NBWFollowerTableViewCell.swift in Sources */,
				3D5F62091C7405E900BDED94 /* NBWBasicViewController.swift in Sources */,
				3D92C9581C4E0B490007A12C /* NBWHomeViewController.swift in Sources */,
				3D2C51041C85301500E19000 /* NBWOfficialTableViewCell.swift in Sources */,
				3D5D433A1C4E894D00DA8834 /* WeiboStatusPics+CoreDataProperties.swift in Sources */,
				3D92C95B1C4E0B490007A12C /* WeiboStatus+CoreDataProperties.swift in Sources */,
				3DE1C5431C3D4CC8008E3A94 /* NBWe1b0.xcdatamodeld in Sources */,
				3D0BED2F1C448FC900C1ED41 /* NBWComposeViewController.swift in Sources */,
				3D467BF81C571B47007A1797 /* NBWeiboContextBasicViewController.swift in Sources */,
				3DDA2F2D1C62E66E0094D0B9 /* NBWComment.swift in Sources */,
				3D1ED7B01C89211C00009CB3 /* Comment.swift in Sources */,
				3D92C9591C4E0B490007A12C /* NBWTableViewBasicCell.swift in Sources */,
			);
			runOnlyForDeploymentPostprocessing = 0;
		};
		3DE1C54A1C3D4CC8008E3A94 /* Sources */ = {
			isa = PBXSourcesBuildPhase;
			buildActionMask = 2147483647;
			files = (
				3DE1C5531C3D4CC8008E3A94 /* NBWe1b0Tests.swift in Sources */,
			);
			runOnlyForDeploymentPostprocessing = 0;
		};
		3DE1C5551C3D4CC8008E3A94 /* Sources */ = {
			isa = PBXSourcesBuildPhase;
			buildActionMask = 2147483647;
			files = (
				3DE1C55E1C3D4CC8008E3A94 /* NBWe1b0UITests.swift in Sources */,
			);
			runOnlyForDeploymentPostprocessing = 0;
		};
/* End PBXSourcesBuildPhase section */

/* Begin PBXTargetDependency section */
		3DE1C5501C3D4CC8008E3A94 /* PBXTargetDependency */ = {
			isa = PBXTargetDependency;
			target = 3DE1C5361C3D4CC8008E3A94 /* NBWe1b0 */;
			targetProxy = 3DE1C54F1C3D4CC8008E3A94 /* PBXContainerItemProxy */;
		};
		3DE1C55B1C3D4CC8008E3A94 /* PBXTargetDependency */ = {
			isa = PBXTargetDependency;
			target = 3DE1C5361C3D4CC8008E3A94 /* NBWe1b0 */;
			targetProxy = 3DE1C55A1C3D4CC8008E3A94 /* PBXContainerItemProxy */;
		};
/* End PBXTargetDependency section */

/* Begin PBXVariantGroup section */
		3DE1C53E1C3D4CC8008E3A94 /* Main.storyboard */ = {
			isa = PBXVariantGroup;
			children = (
				3DE1C53F1C3D4CC8008E3A94 /* Base */,
			);
			name = Main.storyboard;
			sourceTree = "<group>";
		};
/* End PBXVariantGroup section */

/* Begin XCBuildConfiguration section */
		3DE1C5601C3D4CC8008E3A94 /* Debug */ = {
			isa = XCBuildConfiguration;
			buildSettings = {
				ALWAYS_SEARCH_USER_PATHS = NO;
				CLANG_CXX_LANGUAGE_STANDARD = "gnu++0x";
				CLANG_CXX_LIBRARY = "libc++";
				CLANG_ENABLE_MODULES = YES;
				CLANG_ENABLE_OBJC_ARC = YES;
				CLANG_WARN_BOOL_CONVERSION = YES;
				CLANG_WARN_CONSTANT_CONVERSION = YES;
				CLANG_WARN_DIRECT_OBJC_ISA_USAGE = YES_ERROR;
				CLANG_WARN_EMPTY_BODY = YES;
				CLANG_WARN_ENUM_CONVERSION = YES;
				CLANG_WARN_INT_CONVERSION = YES;
				CLANG_WARN_OBJC_ROOT_CLASS = YES_ERROR;
				CLANG_WARN_UNREACHABLE_CODE = YES;
				CLANG_WARN__DUPLICATE_METHOD_MATCH = YES;
				"CODE_SIGN_IDENTITY[sdk=iphoneos*]" = "iPhone Developer";
				COPY_PHASE_STRIP = NO;
				DEBUG_INFORMATION_FORMAT = dwarf;
				ENABLE_STRICT_OBJC_MSGSEND = YES;
				ENABLE_TESTABILITY = YES;
				GCC_C_LANGUAGE_STANDARD = gnu99;
				GCC_DYNAMIC_NO_PIC = NO;
				GCC_NO_COMMON_BLOCKS = YES;
				GCC_OPTIMIZATION_LEVEL = 0;
				GCC_PREPROCESSOR_DEFINITIONS = (
					"DEBUG=1",
					"$(inherited)",
				);
				GCC_WARN_64_TO_32_BIT_CONVERSION = YES;
				GCC_WARN_ABOUT_RETURN_TYPE = YES_ERROR;
				GCC_WARN_UNDECLARED_SELECTOR = YES;
				GCC_WARN_UNINITIALIZED_AUTOS = YES_AGGRESSIVE;
				GCC_WARN_UNUSED_FUNCTION = YES;
				GCC_WARN_UNUSED_VARIABLE = YES;
				IPHONEOS_DEPLOYMENT_TARGET = 9.2;
				MTL_ENABLE_DEBUG_INFO = YES;
				ONLY_ACTIVE_ARCH = YES;
				SDKROOT = iphoneos;
				SWIFT_OPTIMIZATION_LEVEL = "-Onone";
			};
			name = Debug;
		};
		3DE1C5611C3D4CC8008E3A94 /* Release */ = {
			isa = XCBuildConfiguration;
			buildSettings = {
				ALWAYS_SEARCH_USER_PATHS = NO;
				CLANG_CXX_LANGUAGE_STANDARD = "gnu++0x";
				CLANG_CXX_LIBRARY = "libc++";
				CLANG_ENABLE_MODULES = YES;
				CLANG_ENABLE_OBJC_ARC = YES;
				CLANG_WARN_BOOL_CONVERSION = YES;
				CLANG_WARN_CONSTANT_CONVERSION = YES;
				CLANG_WARN_DIRECT_OBJC_ISA_USAGE = YES_ERROR;
				CLANG_WARN_EMPTY_BODY = YES;
				CLANG_WARN_ENUM_CONVERSION = YES;
				CLANG_WARN_INT_CONVERSION = YES;
				CLANG_WARN_OBJC_ROOT_CLASS = YES_ERROR;
				CLANG_WARN_UNREACHABLE_CODE = YES;
				CLANG_WARN__DUPLICATE_METHOD_MATCH = YES;
				"CODE_SIGN_IDENTITY[sdk=iphoneos*]" = "iPhone Developer";
				COPY_PHASE_STRIP = NO;
				DEBUG_INFORMATION_FORMAT = "dwarf-with-dsym";
				ENABLE_NS_ASSERTIONS = NO;
				ENABLE_STRICT_OBJC_MSGSEND = YES;
				GCC_C_LANGUAGE_STANDARD = gnu99;
				GCC_NO_COMMON_BLOCKS = YES;
				GCC_WARN_64_TO_32_BIT_CONVERSION = YES;
				GCC_WARN_ABOUT_RETURN_TYPE = YES_ERROR;
				GCC_WARN_UNDECLARED_SELECTOR = YES;
				GCC_WARN_UNINITIALIZED_AUTOS = YES_AGGRESSIVE;
				GCC_WARN_UNUSED_FUNCTION = YES;
				GCC_WARN_UNUSED_VARIABLE = YES;
				IPHONEOS_DEPLOYMENT_TARGET = 9.2;
				MTL_ENABLE_DEBUG_INFO = NO;
				SDKROOT = iphoneos;
				VALIDATE_PRODUCT = YES;
			};
			name = Release;
		};
		3DE1C5631C3D4CC8008E3A94 /* Debug */ = {
			isa = XCBuildConfiguration;
			baseConfigurationReference = 791FD454D9D8179E99F850B8 /* Pods.debug.xcconfig */;
			buildSettings = {
				ASSETCATALOG_COMPILER_APPICON_NAME = AppIcon;
				ASSETCATALOG_COMPILER_LAUNCHIMAGE_NAME = LaunchImage;
				CLANG_ENABLE_MODULES = YES;
				INFOPLIST_FILE = NBWe1b0/Info.plist;
				LD_RUNPATH_SEARCH_PATHS = "$(inherited) @executable_path/Frameworks";
				PRODUCT_BUNDLE_IDENTIFIER = ChanStudio.NBWe1b0;
				PRODUCT_NAME = "$(TARGET_NAME)";
				SWIFT_OBJC_BRIDGING_HEADER = "NBWe1b0/NBWe1b0-Bridging-Header.h";
				SWIFT_OPTIMIZATION_LEVEL = "-Onone";
				TARGETED_DEVICE_FAMILY = 1;
				USER_HEADER_SEARCH_PATHS = "";
			};
			name = Debug;
		};
		3DE1C5641C3D4CC8008E3A94 /* Release */ = {
			isa = XCBuildConfiguration;
			baseConfigurationReference = 7F4B1336DE0F1420E794259B /* Pods.release.xcconfig */;
			buildSettings = {
				ASSETCATALOG_COMPILER_APPICON_NAME = AppIcon;
				ASSETCATALOG_COMPILER_LAUNCHIMAGE_NAME = LaunchImage;
				CLANG_ENABLE_MODULES = YES;
				INFOPLIST_FILE = NBWe1b0/Info.plist;
				LD_RUNPATH_SEARCH_PATHS = "$(inherited) @executable_path/Frameworks";
				PRODUCT_BUNDLE_IDENTIFIER = ChanStudio.NBWe1b0;
				PRODUCT_NAME = "$(TARGET_NAME)";
				SWIFT_OBJC_BRIDGING_HEADER = "NBWe1b0/NBWe1b0-Bridging-Header.h";
				TARGETED_DEVICE_FAMILY = 1;
				USER_HEADER_SEARCH_PATHS = "";
			};
			name = Release;
		};
		3DE1C5661C3D4CC8008E3A94 /* Debug */ = {
			isa = XCBuildConfiguration;
			buildSettings = {
				BUNDLE_LOADER = "$(TEST_HOST)";
				INFOPLIST_FILE = NBWe1b0Tests/Info.plist;
				LD_RUNPATH_SEARCH_PATHS = "$(inherited) @executable_path/Frameworks @loader_path/Frameworks";
				PRODUCT_BUNDLE_IDENTIFIER = ChanStudio.NBWe1b0Tests;
				PRODUCT_NAME = "$(TARGET_NAME)";
				TEST_HOST = "$(BUILT_PRODUCTS_DIR)/NBWe1b0.app/NBWe1b0";
			};
			name = Debug;
		};
		3DE1C5671C3D4CC8008E3A94 /* Release */ = {
			isa = XCBuildConfiguration;
			buildSettings = {
				BUNDLE_LOADER = "$(TEST_HOST)";
				INFOPLIST_FILE = NBWe1b0Tests/Info.plist;
				LD_RUNPATH_SEARCH_PATHS = "$(inherited) @executable_path/Frameworks @loader_path/Frameworks";
				PRODUCT_BUNDLE_IDENTIFIER = ChanStudio.NBWe1b0Tests;
				PRODUCT_NAME = "$(TARGET_NAME)";
				TEST_HOST = "$(BUILT_PRODUCTS_DIR)/NBWe1b0.app/NBWe1b0";
			};
			name = Release;
		};
		3DE1C5691C3D4CC8008E3A94 /* Debug */ = {
			isa = XCBuildConfiguration;
			buildSettings = {
				INFOPLIST_FILE = NBWe1b0UITests/Info.plist;
				LD_RUNPATH_SEARCH_PATHS = "$(inherited) @executable_path/Frameworks @loader_path/Frameworks";
				PRODUCT_BUNDLE_IDENTIFIER = ChanStudio.NBWe1b0UITests;
				PRODUCT_NAME = "$(TARGET_NAME)";
				TEST_TARGET_NAME = NBWe1b0;
				USES_XCTRUNNER = YES;
			};
			name = Debug;
		};
		3DE1C56A1C3D4CC8008E3A94 /* Release */ = {
			isa = XCBuildConfiguration;
			buildSettings = {
				INFOPLIST_FILE = NBWe1b0UITests/Info.plist;
				LD_RUNPATH_SEARCH_PATHS = "$(inherited) @executable_path/Frameworks @loader_path/Frameworks";
				PRODUCT_BUNDLE_IDENTIFIER = ChanStudio.NBWe1b0UITests;
				PRODUCT_NAME = "$(TARGET_NAME)";
				TEST_TARGET_NAME = NBWe1b0;
				USES_XCTRUNNER = YES;
			};
			name = Release;
		};
/* End XCBuildConfiguration section */

/* Begin XCConfigurationList section */
		3DE1C5321C3D4CC7008E3A94 /* Build configuration list for PBXProject "NBWe1b0" */ = {
			isa = XCConfigurationList;
			buildConfigurations = (
				3DE1C5601C3D4CC8008E3A94 /* Debug */,
				3DE1C5611C3D4CC8008E3A94 /* Release */,
			);
			defaultConfigurationIsVisible = 0;
			defaultConfigurationName = Release;
		};
		3DE1C5621C3D4CC8008E3A94 /* Build configuration list for PBXNativeTarget "NBWe1b0" */ = {
			isa = XCConfigurationList;
			buildConfigurations = (
				3DE1C5631C3D4CC8008E3A94 /* Debug */,
				3DE1C5641C3D4CC8008E3A94 /* Release */,
			);
			defaultConfigurationIsVisible = 0;
			defaultConfigurationName = Release;
		};
		3DE1C5651C3D4CC8008E3A94 /* Build configuration list for PBXNativeTarget "NBWe1b0Tests" */ = {
			isa = XCConfigurationList;
			buildConfigurations = (
				3DE1C5661C3D4CC8008E3A94 /* Debug */,
				3DE1C5671C3D4CC8008E3A94 /* Release */,
			);
			defaultConfigurationIsVisible = 0;
			defaultConfigurationName = Release;
		};
		3DE1C5681C3D4CC8008E3A94 /* Build configuration list for PBXNativeTarget "NBWe1b0UITests" */ = {
			isa = XCConfigurationList;
			buildConfigurations = (
				3DE1C5691C3D4CC8008E3A94 /* Debug */,
				3DE1C56A1C3D4CC8008E3A94 /* Release */,
			);
			defaultConfigurationIsVisible = 0;
			defaultConfigurationName = Release;
		};
/* End XCConfigurationList section */

/* Begin XCVersionGroup section */
		3DE1C5411C3D4CC8008E3A94 /* NBWe1b0.xcdatamodeld */ = {
			isa = XCVersionGroup;
			children = (
				3DE1C5421C3D4CC8008E3A94 /* NBWe1b0.xcdatamodel */,
			);
			currentVersion = 3DE1C5421C3D4CC8008E3A94 /* NBWe1b0.xcdatamodel */;
			path = NBWe1b0.xcdatamodeld;
			sourceTree = "<group>";
			versionGroupType = wrapper.xcdatamodel;
		};
/* End XCVersionGroup section */
	};
	rootObject = 3DE1C52F1C3D4CC7008E3A94 /* Project object */;
}
